
Microsoft Visual Studio Solution File, Format Version 12.00
# Visual Studio Version 16
VisualStudioVersion = 16.0.30503.244
MinimumVisualStudioVersion = 10.0.40219.1
Project("{FAE04EC0-301F-11D3-BF4B-00C04F79EFBC}") = "DiColors", "DiColors\DiColors.csproj", "{55622DF0-D9EA-4C4F-A6B4-6B0FD2DCC8CD}"
EndProject
Global
	GlobalSection(SolutionConfigurationPlatforms) = preSolution
		Debug|Any CPU = Debug|Any CPU
		Release|Any CPU = Release|Any CPU
	EndGlobalSection
	GlobalSection(ProjectConfigurationPlatforms) = postSolution
		{55622DF0-D9EA-4C4F-A6B4-6B0FD2DCC8CD}.Debug|Any CPU.ActiveCfg = Debug|Any CPU
		{55622DF0-D9EA-4C4F-A6B4-6B0FD2DCC8CD}.Debug|Any CPU.Build.0 = Debug|Any CPU
		{55622DF0-D9EA-4C4F-A6B4-6B0FD2DCC8CD}.Release|Any CPU.ActiveCfg = Release|Any CPU
		{55622DF0-D9EA-4C4F-A6B4-6B0FD2DCC8CD}.Release|Any CPU.Build.0 = Release|Any CPU
	EndGlobalSection
	GlobalSection(SolutionProperties) = preSolution
		HideSolutionNode = FALSE
	EndGlobalSection
	GlobalSection(ExtensibilityGlobals) = postSolution
		SolutionGuid = {D610B858-72D2-4403-9739-21BC7155A675}
	EndGlobalSection
EndGlobal
